{
  "name": "@kaineer/kana",
  "version": "1.0.0",
  "lockfileVersion": 3,
  "requires": true,
  "packages": {
    "": {
      "name": "@kaineer/kana",
      "version": "1.0.0",
      "license": "ISC",
      "devDependencies": {
        "uvu": "0.5.6",
        "uvu-watch": "1.0.11"
      }
    },
    "node_modules/@cush/exec": {
      "version": "1.8.0",
      "resolved": "https://registry.npmjs.org/@cush/exec/-/exec-1.8.0.tgz",
      "integrity": "sha512-wwWjZPAMyPP58ja9Ad1o3oo2mPqd0AXOPD+Zotn3amK1ZpLDJM4ci6xNAeupI9KvkXYMPWSxg1h1sUeUoMajOQ==",
      "dev": true,
      "dependencies": {
        "shell-quote": "^1.7.2",
        "type-error": "^1.0.2"
      }
    },
    "node_modules/dequal": {
      "version": "2.0.3",
      "resolved": "https://registry.npmjs.org/dequal/-/dequal-2.0.3.tgz",
      "integrity": "sha512-0je+qPKHEMohvfRTCEo3CrPG6cAzAYgmzKyxRiYSSDkS6eGJdyVJm7WaYA5ECaAD9wLB2T4EEeymA5aFVcYXCA==",
      "dev": true,
      "engines": {
        "node": ">=6"
      }
    },
    "node_modules/diff": {
      "version": "5.2.0",
      "resolved": "https://registry.npmjs.org/diff/-/diff-5.2.0.tgz",
      "integrity": "sha512-uIFDxqpRZGZ6ThOk84hEfqWoHx2devRFvpTZcTHur85vImfaxUbTW9Ryh4CpCuDnToOP1CEtXKIgytHBPVff5A==",
      "dev": true,
      "engines": {
        "node": ">=0.3.1"
      }
    },
    "node_modules/find-dependency": {
      "version": "1.3.3",
      "resolved": "https://registry.npmjs.org/find-dependency/-/find-dependency-1.3.3.tgz",
      "integrity": "sha512-Fs4jjANCEF0ZQRXxoqU1XQFrC8D3gTs+xnluUu+2TR+02g3d05q6b6ucyWMkXOQoTUXAoMznG7V+EksSmvGhfQ==",
      "dev": true
    },
    "node_modules/kleur": {
      "version": "4.1.5",
      "resolved": "https://registry.npmjs.org/kleur/-/kleur-4.1.5.tgz",
      "integrity": "sha512-o+NO+8WrRiQEE4/7nwRJhN1HWpVmJm511pBHUxPLtp0BUISzlBplORYSmTclCnJvQq2tKu/sgl3xVpkc7ZWuQQ==",
      "dev": true,
      "engines": {
        "node": ">=6"
      }
    },
    "node_modules/mini-debounce": {
      "version": "1.0.8",
      "resolved": "https://registry.npmjs.org/mini-debounce/-/mini-debounce-1.0.8.tgz",
      "integrity": "sha512-EqUsV34zuw2N9UHjRl1bwaDiLe1d/P8AemSp/EbDjOsZ7gB+z+7F9wcJWqfU3QpPnHD1oKGe2n6Fw90QsLkBkA==",
      "dev": true
    },
    "node_modules/mri": {
      "version": "1.2.0",
      "resolved": "https://registry.npmjs.org/mri/-/mri-1.2.0.tgz",
      "integrity": "sha512-tzzskb3bG8LvYGFF/mDTpq3jpI6Q9wc3LEmBaghu+DdCssd1FakN7Bc0hVNmEyGq1bq3RgfkCb3cmQLpNPOroA==",
      "dev": true,
      "engines": {
        "node": ">=4"
      }
    },
    "node_modules/sade": {
      "version": "1.8.1",
      "resolved": "https://registry.npmjs.org/sade/-/sade-1.8.1.tgz",
      "integrity": "sha512-xal3CZX1Xlo/k4ApwCFrHVACi9fBqJ7V+mwhBsuf/1IOKbBy098Fex+Wa/5QMubw09pSZ/u8EY8PWgevJsXp1A==",
      "dev": true,
      "dependencies": {
        "mri": "^1.1.0"
      },
      "engines": {
        "node": ">=6"
      }
    },
    "node_modules/shell-quote": {
      "version": "1.8.1",
      "resolved": "https://registry.npmjs.org/shell-quote/-/shell-quote-1.8.1.tgz",
      "integrity": "sha512-6j1W9l1iAs/4xYBI1SYOVZyFcCis9b4KCLQ8fgAGG07QvzaRLVVRQvAy85yNmmZSjYjg4MWh4gNvlPujU/5LpA==",
      "dev": true,
      "funding": {
        "url": "https://github.com/sponsors/ljharb"
      }
    },
    "node_modules/type-error": {
      "version": "1.0.3",
      "resolved": "https://registry.npmjs.org/type-error/-/type-error-1.0.3.tgz",
      "integrity": "sha512-hlNA4NwwjtL9clb8nv+x/5C45uzxND+N+h+/y3z2dYdubGSmdtNtJjHVH4E68ZHR98Bkav4ACf1lmTZepc/4sg==",
      "dev": true
    },
    "node_modules/uvu": {
      "version": "0.5.6",
      "resolved": "https://registry.npmjs.org/uvu/-/uvu-0.5.6.tgz",
      "integrity": "sha512-+g8ENReyr8YsOc6fv/NVJs2vFdHBnBNdfE49rshrTzDWOlUx4Gq7KOS2GD8eqhy2j+Ejq29+SbKH8yjkAqXqoA==",
      "dev": true,
      "dependencies": {
        "dequal": "^2.0.0",
        "diff": "^5.0.0",
        "kleur": "^4.0.3",
        "sade": "^1.7.3"
      },
      "bin": {
        "uvu": "bin.js"
      },
      "engines": {
        "node": ">=8"
      }
    },
    "node_modules/uvu-watch": {
      "version": "1.0.11",
      "resolved": "https://registry.npmjs.org/uvu-watch/-/uvu-watch-1.0.11.tgz",
      "integrity": "sha512-qCfqYfW+kIkCgSNPfBk45yVnLYXEDGia+4BEg4J0qVTnmrI1wje9BUvJtaYzFkV11fJZcc54d3fB2UWTjq5H8Q==",
      "dev": true,
      "hasInstallScript": true,
      "dependencies": {
        "@cush/exec": "^1.6.4",
        "find-dependency": "^1.3.0",
        "kleur": "^4.1.4",
        "mini-debounce": "^1.0.8",
        "sade": "^1.7.4"
      },
      "bin": {
        "uvu": "dist/uvu-watch.js",
        "uvu-watch": "dist/uvu-watch.js"
      }
    }
  }
}
